
Microsoft Visual Studio Solution File, Format Version 12.00
# Visual Studio Version 17
VisualStudioVersion = 17.1.31911.260
MinimumVisualStudioVersion = 10.0.40219.1
Project("{9A19103F-16F7-4668-BE54-9A1E7A4F7556}") = "AoC_2020", "2020\AoC_2020.csproj", "{47BADC69-2B08-4C03-A721-502F1225932A}"
EndProject
Project("{9A19103F-16F7-4668-BE54-9A1E7A4F7556}") = "Core", "Core\Core\Core.csproj", "{83465928-6C4C-4197-A5CB-9DC8490AC2C0}"
EndProject
Project("{9A19103F-16F7-4668-BE54-9A1E7A4F7556}") = "Core.Test", "Core\Core.Test\Core.Test.csproj", "{9C05372A-5686-4FFF-9C6B-CB3FB4512780}"
EndProject
Project("{2150E333-8FDC-42A3-9474-1A3956D46DE8}") = "Solution Items", "Solution Items", "{B97A0051-0013-4F5B-8319-D01C80D13EE6}"
	ProjectSection(SolutionItems) = preProject
		.editorconfig = .editorconfig
	EndProjectSection
EndProject
Project("{9A19103F-16F7-4668-BE54-9A1E7A4F7556}") = "AoC_2021", "2021\AoC_2021.csproj", "{A2E5C9F7-94A0-447E-A795-ACCAB0F38857}"
EndProject
Project("{9A19103F-16F7-4668-BE54-9A1E7A4F7556}") = "AoC_2015", "2015\AoC_2015.csproj", "{B464F752-B978-4C49-BB6E-6B3A87C42BB4}"
EndProject
Project("{FAE04EC0-301F-11D3-BF4B-00C04F79EFBC}") = "AoC_2022", "2022\AoC_2022.csproj", "{9317CCA0-79A5-4CAA-ADD6-3C1A1E3679BE}"
EndProject
Global
	GlobalSection(SolutionConfigurationPlatforms) = preSolution
		Debug|Any CPU = Debug|Any CPU
		Release|Any CPU = Release|Any CPU
	EndGlobalSection
	GlobalSection(ProjectConfigurationPlatforms) = postSolution
		{47BADC69-2B08-4C03-A721-502F1225932A}.Debug|Any CPU.ActiveCfg = Debug|Any CPU
		{47BADC69-2B08-4C03-A721-502F1225932A}.Debug|Any CPU.Build.0 = Debug|Any CPU
		{47BADC69-2B08-4C03-A721-502F1225932A}.Release|Any CPU.ActiveCfg = Release|Any CPU
		{47BADC69-2B08-4C03-A721-502F1225932A}.Release|Any CPU.Build.0 = Release|Any CPU
		{83465928-6C4C-4197-A5CB-9DC8490AC2C0}.Debug|Any CPU.ActiveCfg = Debug|Any CPU
		{83465928-6C4C-4197-A5CB-9DC8490AC2C0}.Debug|Any CPU.Build.0 = Debug|Any CPU
		{83465928-6C4C-4197-A5CB-9DC8490AC2C0}.Release|Any CPU.ActiveCfg = Release|Any CPU
		{83465928-6C4C-4197-A5CB-9DC8490AC2C0}.Release|Any CPU.Build.0 = Release|Any CPU
		{9C05372A-5686-4FFF-9C6B-CB3FB4512780}.Debug|Any CPU.ActiveCfg = Debug|Any CPU
		{9C05372A-5686-4FFF-9C6B-CB3FB4512780}.Debug|Any CPU.Build.0 = Debug|Any CPU
		{9C05372A-5686-4FFF-9C6B-CB3FB4512780}.Release|Any CPU.ActiveCfg = Release|Any CPU
		{9C05372A-5686-4FFF-9C6B-CB3FB4512780}.Release|Any CPU.Build.0 = Release|Any CPU
		{A2E5C9F7-94A0-447E-A795-ACCAB0F38857}.Debug|Any CPU.ActiveCfg = Debug|Any CPU
		{A2E5C9F7-94A0-447E-A795-ACCAB0F38857}.Debug|Any CPU.Build.0 = Debug|Any CPU
		{A2E5C9F7-94A0-447E-A795-ACCAB0F38857}.Release|Any CPU.ActiveCfg = Release|Any CPU
		{A2E5C9F7-94A0-447E-A795-ACCAB0F38857}.Release|Any CPU.Build.0 = Release|Any CPU
		{B464F752-B978-4C49-BB6E-6B3A87C42BB4}.Debug|Any CPU.ActiveCfg = Debug|Any CPU
		{B464F752-B978-4C49-BB6E-6B3A87C42BB4}.Debug|Any CPU.Build.0 = Debug|Any CPU
		{B464F752-B978-4C49-BB6E-6B3A87C42BB4}.Release|Any CPU.ActiveCfg = Release|Any CPU
		{B464F752-B978-4C49-BB6E-6B3A87C42BB4}.Release|Any CPU.Build.0 = Release|Any CPU
		{9317CCA0-79A5-4CAA-ADD6-3C1A1E3679BE}.Debug|Any CPU.ActiveCfg = Debug|Any CPU
		{9317CCA0-79A5-4CAA-ADD6-3C1A1E3679BE}.Debug|Any CPU.Build.0 = Debug|Any CPU
		{9317CCA0-79A5-4CAA-ADD6-3C1A1E3679BE}.Release|Any CPU.ActiveCfg = Release|Any CPU
		{9317CCA0-79A5-4CAA-ADD6-3C1A1E3679BE}.Release|Any CPU.Build.0 = Release|Any CPU
	EndGlobalSection
	GlobalSection(SolutionProperties) = preSolution
		HideSolutionNode = FALSE
	EndGlobalSection
	GlobalSection(ExtensibilityGlobals) = postSolution
		SolutionGuid = {9A3E6B7B-8330-4C8E-BFAC-A3F9F95CDD43}
	EndGlobalSection
EndGlobal
